
Microsoft Visual Studio Solution File, Format Version 12.00
# Visual Studio Version 17
VisualStudioVersion = 17.2.32616.157
MinimumVisualStudioVersion = 10.0.40219.1
Project("{FAE04EC0-301F-11D3-BF4B-00C04F79EFBC}") = "BlazorServer", "BlazorServer\BlazorServer.csproj", "{CC50D6D1-07FE-4795-A9D1-35C92002464A}"
EndProject
Project("{FAE04EC0-301F-11D3-BF4B-00C04F79EFBC}") = "DataLibrary", "DataLibrary\DataLibrary.csproj", "{4A42DBA3-D8EC-4ECD-ABD2-D09EB7972878}"
EndProject
Global
	GlobalSection(SolutionConfigurationPlatforms) = preSolution
		Debug|Any CPU = Debug|Any CPU
		Release|Any CPU = Release|Any CPU
	EndGlobalSection
	GlobalSection(ProjectConfigurationPlatforms) = postSolution
		{CC50D6D1-07FE-4795-A9D1-35C92002464A}.Debug|Any CPU.ActiveCfg = Debug|Any CPU
		{CC50D6D1-07FE-4795-A9D1-35C92002464A}.Debug|Any CPU.Build.0 = Debug|Any CPU
		{CC50D6D1-07FE-4795-A9D1-35C92002464A}.Release|Any CPU.ActiveCfg = Release|Any CPU
		{CC50D6D1-07FE-4795-A9D1-35C92002464A}.Release|Any CPU.Build.0 = Release|Any CPU
		{4A42DBA3-D8EC-4ECD-ABD2-D09EB7972878}.Debug|Any CPU.ActiveCfg = Debug|Any CPU
		{4A42DBA3-D8EC-4ECD-ABD2-D09EB7972878}.Debug|Any CPU.Build.0 = Debug|Any CPU
		{4A42DBA3-D8EC-4ECD-ABD2-D09EB7972878}.Release|Any CPU.ActiveCfg = Release|Any CPU
		{4A42DBA3-D8EC-4ECD-ABD2-D09EB7972878}.Release|Any CPU.Build.0 = Release|Any CPU
	EndGlobalSection
	GlobalSection(SolutionProperties) = preSolution
		HideSolutionNode = FALSE
	EndGlobalSection
	GlobalSection(ExtensibilityGlobals) = postSolution
		SolutionGuid = {EAAEB216-C69E-4290-900B-E5777FF303AF}
	EndGlobalSection
EndGlobal
